{
  "name": "flatearth",
  "lockfileVersion": 3,
  "requires": true,
  "packages": {
    "": {
      "dependencies": {
        "cordova-plugin-android-permissions": "^1.1.5"
      }
    },
    "node_modules/cordova-plugin-android-permissions": {
      "version": "1.1.5",
      "resolved": "https://registry.npmjs.org/cordova-plugin-android-permissions/-/cordova-plugin-android-permissions-1.1.5.tgz",
      "integrity": "sha512-oTTV9cCMBqXTCmU+nYRebsP2IQfrtdvl2vYXHjoJgv5NHCIDgY4KFg6kJTcwXQOiymeGXuw0+MTvJJOueAdleA==",
      "engines": [
        {
          "name": "cordova",
          "version": ">=5.0.0"
        }
      ]
    }
  }
}
